Microsoft Visual Studio Solution File, Format Version 12.00
# Visual Studio Version 17
VisualStudioVersion = 17.5.2.0
MinimumVisualStudioVersion = 10.0.40219.1
Project("{FAE04EC0-301F-11D3-BF4B-00C04F79EFBC}") = "WSWA.Core", "WSWA.Core\WSWA.Core.csproj", "{2DBABC39-B7B9-CB2A-8C70-AD5BAC1BE6DC}"
EndProject
Global
	GlobalSection(SolutionConfigurationPlatforms) = preSolution
		Debug|Any CPU = Debug|Any CPU
		Release|Any CPU = Release|Any CPU
	EndGlobalSection
	GlobalSection(ProjectConfigurationPlatforms) = postSolution
		{2DBABC39-B7B9-CB2A-8C70-AD5BAC1BE6DC}.Debug|Any CPU.ActiveCfg = Debug|Any CPU
		{2DBABC39-B7B9-CB2A-8C70-AD5BAC1BE6DC}.Debug|Any CPU.Build.0 = Debug|Any CPU
		{2DBABC39-B7B9-CB2A-8C70-AD5BAC1BE6DC}.Release|Any CPU.ActiveCfg = Release|Any CPU
		{2DBABC39-B7B9-CB2A-8C70-AD5BAC1BE6DC}.Release|Any CPU.Build.0 = Release|Any CPU
	EndGlobalSection
	GlobalSection(SolutionProperties) = preSolution
		HideSolutionNode = FALSE
	EndGlobalSection
	GlobalSection(ExtensibilityGlobals) = postSolution
		SolutionGuid = {2DEA8576-D3D4-4755-B9F8-9591F58AEE81}
	EndGlobalSection
EndGlobal
